PODS:
  - FBExtension (0.0.1):
    - FBExtension/CoreGraphics (= 0.0.1)
    - FBExtension/CoreLocation (= 0.0.1)
    - FBExtension/Dispatch (= 0.0.1)
    - FBExtension/Foundation (= 0.0.1)
    - FBExtension/QuartzCore (= 0.0.1)
    - FBExtension/UIKit (= 0.0.1)
  - FBExtension/CoreGraphics (0.0.1)
  - FBExtension/CoreLocation (0.0.1)
  - FBExtension/Dispatch (0.0.1)
  - FBExtension/Foundation (0.0.1)
  - FBExtension/QuartzCore (0.0.1)
  - FBExtension/UIKit (0.0.1)

DEPENDENCIES:
  - FBExtension (from `../`)

EXTERNAL SOURCES:
  FBExtension:
    :path: "../"

SPEC CHECKSUMS:
  FBExtension: dbd19d73202d42885ee6d2473489c1738e0c3697

PODFILE CHECKSUM: f806212383edd1aca0ef95f0a47751e7c4bef1ed

COCOAPODS: 1.8.4
