PODS:
  - FBExtension (0.0.1):
    - FBExtension/FBExtension (= 0.0.1)
  - FBExtension/FBExtension (0.0.1)

DEPENDENCIES:
  - FBExtension (from `../`)

EXTERNAL SOURCES:
  FBExtension:
    :path: "../"

SPEC CHECKSUMS:
  FBExtension: ec763cb1cf8dcf9a3a83988a91a0870ad705364d

PODFILE CHECKSUM: f806212383edd1aca0ef95f0a47751e7c4bef1ed

COCOAPODS: 1.8.4
