PODS:
  - FBExtension (0.0.1):
    - FBExtension/FBExtension (= 0.0.1)
  - FBExtension/FBExtension (0.0.1)

DEPENDENCIES:
  - FBExtension (from `../`)

EXTERNAL SOURCES:
  FBExtension:
    :path: "../"

SPEC CHECKSUMS:
  FBExtension: 370fb21fc2061417f81c65c8c3fb4245ad267bad

PODFILE CHECKSUM: f806212383edd1aca0ef95f0a47751e7c4bef1ed

COCOAPODS: 1.8.4
